// !$*UTF8*$!
{
	archiveVersion = 1;
	classes = {
	};
	objectVersion = 46;
	objects = {

/* Begin PBXBuildFile section */
		05671BB455929AB5562BB311 /* Pods_CZCMobileAdsSample.framework in Frameworks */ = {isa = PBXBuildFile; fileRef = 93349DBBD07DCC0710B3AC9E /* Pods_CZCMobileAdsSample.framework */; };
		63C3162F1FA09C20001CAC3D /* CZCBannerViewController.m in Sources */ = {isa = PBXBuildFile; fileRef = 63C316211FA09C20001CAC3D /* CZCBannerViewController.m */; };
		63C316301FA09C20001CAC3D /* CZCBannerViewController.xib in Resources */ = {isa = PBXBuildFile; fileRef = 63C316221FA09C20001CAC3D /* CZCBannerViewController.xib */; };
		63C316311FA09C20001CAC3D /* CZCInterstitialViewController.m in Sources */ = {isa = PBXBuildFile; fileRef = 63C316241FA09C20001CAC3D /* CZCInterstitialViewController.m */; };
		63C316321FA09C20001CAC3D /* CZCInterstitialViewController.xib in Resources */ = {isa = PBXBuildFile; fileRef = 63C316251FA09C20001CAC3D /* CZCInterstitialViewController.xib */; };
		63C316331FA09C20001CAC3D /* CZCTableViewController.m in Sources */ = {isa = PBXBuildFile; fileRef = 63C316271FA09C20001CAC3D /* CZCTableViewController.m */; };
		63C316341FA09C20001CAC3D /* CZCTableViewController.xib in Resources */ = {isa = PBXBuildFile; fileRef = 63C316281FA09C20001CAC3D /* CZCTableViewController.xib */; };
		63C316371FA09C20001CAC3D /* CZCVideoViewController.m in Sources */ = {isa = PBXBuildFile; fileRef = 63C3162D1FA09C20001CAC3D /* CZCVideoViewController.m */; };
		63C316381FA09C20001CAC3D /* CZCVideoViewController.xib in Resources */ = {isa = PBXBuildFile; fileRef = 63C3162E1FA09C20001CAC3D /* CZCVideoViewController.xib */; };
		63CE97D71F3AB55F00E5DDDE /* main.m in Sources */ = {isa = PBXBuildFile; fileRef = 63CE97D61F3AB55F00E5DDDE /* main.m */; };
		63CE97DA1F3AB55F00E5DDDE /* AppDelegate.m in Sources */ = {isa = PBXBuildFile; fileRef = 63CE97D91F3AB55F00E5DDDE /* AppDelegate.m */; };
		63CE97E01F3AB55F00E5DDDE /* Main.storyboard in Resources */ = {isa = PBXBuildFile; fileRef = 63CE97DE1F3AB55F00E5DDDE /* Main.storyboard */; };
		63CE97E21F3AB55F00E5DDDE /* Assets.xcassets in Resources */ = {isa = PBXBuildFile; fileRef = 63CE97E11F3AB55F00E5DDDE /* Assets.xcassets */; };
		63CE97E51F3AB55F00E5DDDE /* LaunchScreen.storyboard in Resources */ = {isa = PBXBuildFile; fileRef = 63CE97E31F3AB55F00E5DDDE /* LaunchScreen.storyboard */; };
		63DBA1531FAC998E009F1C2C /* CZCAppIDAndSlotIDCache.m in Sources */ = {isa = PBXBuildFile; fileRef = 63DBA1521FAC998E009F1C2C /* CZCAppIDAndSlotIDCache.m */; };
/* End PBXBuildFile section */

/* Begin PBXFileReference section */
		26BD117E7D9CDF638EACC2D5 /* Pods-CZCMobileAdsSample.release.xcconfig */ = {isa = PBXFileReference; includeInIndex = 1; lastKnownFileType = text.xcconfig; name = "Pods-CZCMobileAdsSample.release.xcconfig"; path = "Pods/Target Support Files/Pods-CZCMobileAdsSample/Pods-CZCMobileAdsSample.release.xcconfig"; sourceTree = "<group>"; };
		63C316201FA09C20001CAC3D /* CZCBannerViewController.h */ = {isa = PBXFileReference; fileEncoding = 4; lastKnownFileType = sourcecode.c.h; path = CZCBannerViewController.h; sourceTree = "<group>"; };
		63C316211FA09C20001CAC3D /* CZCBannerViewController.m */ = {isa = PBXFileReference; fileEncoding = 4; lastKnownFileType = sourcecode.c.objc; path = CZCBannerViewController.m; sourceTree = "<group>"; };
		63C316221FA09C20001CAC3D /* CZCBannerViewController.xib */ = {isa = PBXFileReference; fileEncoding = 4; lastKnownFileType = file.xib; path = CZCBannerViewController.xib; sourceTree = "<group>"; };
		63C316231FA09C20001CAC3D /* CZCInterstitialViewController.h */ = {isa = PBXFileReference; fileEncoding = 4; lastKnownFileType = sourcecode.c.h; path = CZCInterstitialViewController.h; sourceTree = "<group>"; };
		63C316241FA09C20001CAC3D /* CZCInterstitialViewController.m */ = {isa = PBXFileReference; fileEncoding = 4; lastKnownFileType = sourcecode.c.objc; path = CZCInterstitialViewController.m; sourceTree = "<group>"; };
		63C316251FA09C20001CAC3D /* CZCInterstitialViewController.xib */ = {isa = PBXFileReference; fileEncoding = 4; lastKnownFileType = file.xib; path = CZCInterstitialViewController.xib; sourceTree = "<group>"; };
		63C316261FA09C20001CAC3D /* CZCTableViewController.h */ = {isa = PBXFileReference; fileEncoding = 4; lastKnownFileType = sourcecode.c.h; path = CZCTableViewController.h; sourceTree = "<group>"; };
		63C316271FA09C20001CAC3D /* CZCTableViewController.m */ = {isa = PBXFileReference; fileEncoding = 4; lastKnownFileType = sourcecode.c.objc; path = CZCTableViewController.m; sourceTree = "<group>"; };
		63C316281FA09C20001CAC3D /* CZCTableViewController.xib */ = {isa = PBXFileReference; fileEncoding = 4; lastKnownFileType = file.xib; path = CZCTableViewController.xib; sourceTree = "<group>"; };
		63C3162C1FA09C20001CAC3D /* CZCVideoViewController.h */ = {isa = PBXFileReference; fileEncoding = 4; lastKnownFileType = sourcecode.c.h; path = CZCVideoViewController.h; sourceTree = "<group>"; };
		63C3162D1FA09C20001CAC3D /* CZCVideoViewController.m */ = {isa = PBXFileReference; fileEncoding = 4; lastKnownFileType = sourcecode.c.objc; path = CZCVideoViewController.m; sourceTree = "<group>"; };
		63C3162E1FA09C20001CAC3D /* CZCVideoViewController.xib */ = {isa = PBXFileReference; fileEncoding = 4; lastKnownFileType = file.xib; path = CZCVideoViewController.xib; sourceTree = "<group>"; };
		63CE97D21F3AB55F00E5DDDE /* CZCMobileAdsSample.app */ = {isa = PBXFileReference; explicitFileType = wrapper.application; includeInIndex = 0; path = CZCMobileAdsSample.app; sourceTree = BUILT_PRODUCTS_DIR; };
		63CE97D61F3AB55F00E5DDDE /* main.m */ = {isa = PBXFileReference; lastKnownFileType = sourcecode.c.objc; path = main.m; sourceTree = "<group>"; };
		63CE97D81F3AB55F00E5DDDE /* AppDelegate.h */ = {isa = PBXFileReference; lastKnownFileType = sourcecode.c.h; path = AppDelegate.h; sourceTree = "<group>"; };
		63CE97D91F3AB55F00E5DDDE /* AppDelegate.m */ = {isa = PBXFileReference; lastKnownFileType = sourcecode.c.objc; path = AppDelegate.m; sourceTree = "<group>"; };
		63CE97DF1F3AB55F00E5DDDE /* Base */ = {isa = PBXFileReference; lastKnownFileType = file.storyboard; name = Base; path = Base.lproj/Main.storyboard; sourceTree = "<group>"; };
		63CE97E11F3AB55F00E5DDDE /* Assets.xcassets */ = {isa = PBXFileReference; lastKnownFileType = folder.assetcatalog; path = Assets.xcassets; sourceTree = "<group>"; };
		63CE97E41F3AB55F00E5DDDE /* Base */ = {isa = PBXFileReference; lastKnownFileType = file.storyboard; name = Base; path = Base.lproj/LaunchScreen.storyboard; sourceTree = "<group>"; };
		63CE97E61F3AB55F00E5DDDE /* Info.plist */ = {isa = PBXFileReference; lastKnownFileType = text.plist.xml; path = Info.plist; sourceTree = "<group>"; };
		63DBA1511FAC998E009F1C2C /* CZCAppIDAndSlotIDCache.h */ = {isa = PBXFileReference; fileEncoding = 4; lastKnownFileType = sourcecode.c.h; path = CZCAppIDAndSlotIDCache.h; sourceTree = "<group>"; };
		63DBA1521FAC998E009F1C2C /* CZCAppIDAndSlotIDCache.m */ = {isa = PBXFileReference; fileEncoding = 4; lastKnownFileType = sourcecode.c.objc; path = CZCAppIDAndSlotIDCache.m; sourceTree = "<group>"; };
		93349DBBD07DCC0710B3AC9E /* Pods_CZCMobileAdsSample.framework */ = {isa = PBXFileReference; explicitFileType = wrapper.framework; includeInIndex = 0; path = Pods_CZCMobileAdsSample.framework; sourceTree = BUILT_PRODUCTS_DIR; };
		C425DD9C81FE8DDCB35647A4 /* Pods-CZCMobileAdsSample.debug.xcconfig */ = {isa = PBXFileReference; includeInIndex = 1; lastKnownFileType = text.xcconfig; name = "Pods-CZCMobileAdsSample.debug.xcconfig"; path = "Pods/Target Support Files/Pods-CZCMobileAdsSample/Pods-CZCMobileAdsSample.debug.xcconfig"; sourceTree = "<group>"; };
/* End PBXFileReference section */

/* Begin PBXFrameworksBuildPhase section */
		63CE97CF1F3AB55F00E5DDDE /* Frameworks */ = {
			isa = PBXFrameworksBuildPhase;
			buildActionMask = 2147483647;
			files = (
				05671BB455929AB5562BB311 /* Pods_CZCMobileAdsSample.framework in Frameworks */,
			);
			runOnlyForDeploymentPostprocessing = 0;
		};
/* End PBXFrameworksBuildPhase section */

/* Begin PBXGroup section */
		63C3161F1FA09C20001CAC3D /* CZCMobileAdsUI */ = {
			isa = PBXGroup;
			children = (
				63DBA1511FAC998E009F1C2C /* CZCAppIDAndSlotIDCache.h */,
				63DBA1521FAC998E009F1C2C /* CZCAppIDAndSlotIDCache.m */,
				63C316201FA09C20001CAC3D /* CZCBannerViewController.h */,
				63C316211FA09C20001CAC3D /* CZCBannerViewController.m */,
				63C316221FA09C20001CAC3D /* CZCBannerViewController.xib */,
				63C316231FA09C20001CAC3D /* CZCInterstitialViewController.h */,
				63C316241FA09C20001CAC3D /* CZCInterstitialViewController.m */,
				63C316251FA09C20001CAC3D /* CZCInterstitialViewController.xib */,
				63C316261FA09C20001CAC3D /* CZCTableViewController.h */,
				63C316271FA09C20001CAC3D /* CZCTableViewController.m */,
				63C316281FA09C20001CAC3D /* CZCTableViewController.xib */,
				63C3162C1FA09C20001CAC3D /* CZCVideoViewController.h */,
				63C3162D1FA09C20001CAC3D /* CZCVideoViewController.m */,
				63C3162E1FA09C20001CAC3D /* CZCVideoViewController.xib */,
			);
			path = CZCMobileAdsUI;
			sourceTree = "<group>";
		};
		63CE97C91F3AB55F00E5DDDE = {
			isa = PBXGroup;
			children = (
				63CE97D41F3AB55F00E5DDDE /* CZCMobileAdsSample */,
				63CE97D31F3AB55F00E5DDDE /* Products */,
				F437405BD42A7A511E4E75CC /* Pods */,
				A83CE8D1607016A4AFD70073 /* Frameworks */,
			);
			sourceTree = "<group>";
		};
		63CE97D31F3AB55F00E5DDDE /* Products */ = {
			isa = PBXGroup;
			children = (
				63CE97D21F3AB55F00E5DDDE /* CZCMobileAdsSample.app */,
			);
			name = Products;
			sourceTree = "<group>";
		};
		63CE97D41F3AB55F00E5DDDE /* CZCMobileAdsSample */ = {
			isa = PBXGroup;
			children = (
				63C3161F1FA09C20001CAC3D /* CZCMobileAdsUI */,
				63CE97D81F3AB55F00E5DDDE /* AppDelegate.h */,
				63CE97D91F3AB55F00E5DDDE /* AppDelegate.m */,
				63CE97DE1F3AB55F00E5DDDE /* Main.storyboard */,
				63CE97E11F3AB55F00E5DDDE /* Assets.xcassets */,
				63CE97E31F3AB55F00E5DDDE /* LaunchScreen.storyboard */,
				63CE97E61F3AB55F00E5DDDE /* Info.plist */,
				63CE97D51F3AB55F00E5DDDE /* Supporting Files */,
			);
			path = CZCMobileAdsSample;
			sourceTree = "<group>";
		};
		63CE97D51F3AB55F00E5DDDE /* Supporting Files */ = {
			isa = PBXGroup;
			children = (
				63CE97D61F3AB55F00E5DDDE /* main.m */,
			);
			name = "Supporting Files";
			sourceTree = "<group>";
		};
		A83CE8D1607016A4AFD70073 /* Frameworks */ = {
			isa = PBXGroup;
			children = (
				93349DBBD07DCC0710B3AC9E /* Pods_CZCMobileAdsSample.framework */,
			);
			name = Frameworks;
			sourceTree = "<group>";
		};
		F437405BD42A7A511E4E75CC /* Pods */ = {
			isa = PBXGroup;
			children = (
				C425DD9C81FE8DDCB35647A4 /* Pods-CZCMobileAdsSample.debug.xcconfig */,
				26BD117E7D9CDF638EACC2D5 /* Pods-CZCMobileAdsSample.release.xcconfig */,
			);
			name = Pods;
			sourceTree = "<group>";
		};
/* End PBXGroup section */

/* Begin PBXNativeTarget section */
		63CE97D11F3AB55F00E5DDDE /* CZCMobileAdsSample */ = {
			isa = PBXNativeTarget;
			buildConfigurationList = 63CE97E91F3AB55F00E5DDDE /* Build configuration list for PBXNativeTarget "CZCMobileAdsSample" */;
			buildPhases = (
				7566B674ED45164CA0B8E922 /* [CP] Check Pods Manifest.lock */,
				63CE97CE1F3AB55F00E5DDDE /* Sources */,
				63CE97CF1F3AB55F00E5DDDE /* Frameworks */,
				63CE97D01F3AB55F00E5DDDE /* Resources */,
				7E0BF8A7DF6DEADCF9B41ED4 /* [CP] Embed Pods Frameworks */,
				D9E1FC962350BFB1842844CC /* [CP] Copy Pods Resources */,
			);
			buildRules = (
			);
			dependencies = (
			);
			name = CZCMobileAdsSample;
			productName = CZCMobileAdsSample;
			productReference = 63CE97D21F3AB55F00E5DDDE /* CZCMobileAdsSample.app */;
			productType = "com.apple.product-type.application";
		};
/* End PBXNativeTarget section */

/* Begin PBXProject section */
		63CE97CA1F3AB55F00E5DDDE /* Project object */ = {
			isa = PBXProject;
			attributes = {
				LastUpgradeCheck = 0830;
				ORGANIZATIONNAME = ht;
				TargetAttributes = {
					63CE97D11F3AB55F00E5DDDE = {
						CreatedOnToolsVersion = 8.3.3;
						DevelopmentTeam = PSK76NZVZ4;
						ProvisioningStyle = Manual;
					};
				};
			};
			buildConfigurationList = 63CE97CD1F3AB55F00E5DDDE /* Build configuration list for PBXProject "CZCMobileAdsSample" */;
			compatibilityVersion = "Xcode 3.2";
			developmentRegion = English;
			hasScannedForEncodings = 0;
			knownRegions = (
				en,
				Base,
			);
			mainGroup = 63CE97C91F3AB55F00E5DDDE;
			productRefGroup = 63CE97D31F3AB55F00E5DDDE /* Products */;
			projectDirPath = "";
			projectRoot = "";
			targets = (
				63CE97D11F3AB55F00E5DDDE /* CZCMobileAdsSample */,
			);
		};
/* End PBXProject section */

/* Begin PBXResourcesBuildPhase section */
		63CE97D01F3AB55F00E5DDDE /* Resources */ = {
			isa = PBXResourcesBuildPhase;
			buildActionMask = 2147483647;
			files = (
				63CE97E51F3AB55F00E5DDDE /* LaunchScreen.storyboard in Resources */,
				63C316381FA09C20001CAC3D /* CZCVideoViewController.xib in Resources */,
				63C316321FA09C20001CAC3D /* CZCInterstitialViewController.xib in Resources */,
				63C316341FA09C20001CAC3D /* CZCTableViewController.xib in Resources */,
				63C316301FA09C20001CAC3D /* CZCBannerViewController.xib in Resources */,
				63CE97E21F3AB55F00E5DDDE /* Assets.xcassets in Resources */,
				63CE97E01F3AB55F00E5DDDE /* Main.storyboard in Resources */,
			);
			runOnlyForDeploymentPostprocessing = 0;
		};
/* End PBXResourcesBuildPhase section */

/* Begin PBXShellScriptBuildPhase section */
		7566B674ED45164CA0B8E922 /* [CP] Check Pods Manifest.lock */ = {
			isa = PBXShellScriptBuildPhase;
			buildActionMask = 2147483647;
			files = (
			);
			inputPaths = (
				"${PODS_PODFILE_DIR_PATH}/Podfile.lock",
				"${PODS_ROOT}/Manifest.lock",
			);
			name = "[CP] Check Pods Manifest.lock";
			outputPaths = (
				"$(DERIVED_FILE_DIR)/Pods-CZCMobileAdsSample-checkManifestLockResult.txt",
			);
			runOnlyForDeploymentPostprocessing = 0;
			shellPath = /bin/sh;
			shellScript = "diff \"${PODS_PODFILE_DIR_PATH}/Podfile.lock\" \"${PODS_ROOT}/Manifest.lock\" > /dev/null\nif [ $? != 0 ] ; then\n    # print error to STDERR\n    echo \"error: The sandbox is not in sync with the Podfile.lock. Run 'pod install' or update your CocoaPods installation.\" >&2\n    exit 1\nfi\n# This output is used by Xcode 'outputs' to avoid re-running this script phase.\necho \"SUCCESS\" > \"${SCRIPT_OUTPUT_FILE_0}\"\n";
			showEnvVarsInLog = 0;
		};
		7E0BF8A7DF6DEADCF9B41ED4 /* [CP] Embed Pods Frameworks */ = {
			isa = PBXShellScriptBuildPhase;
			buildActionMask = 2147483647;
			files = (
			);
			inputPaths = (
				"${SRCROOT}/Pods/Target Support Files/Pods-CZCMobileAdsSample/Pods-CZCMobileAdsSample-frameworks.sh",
				"${BUILT_PRODUCTS_DIR}/CZCMobileAdsSDK/CZCMobileAdsSDK.framework",
			);
			name = "[CP] Embed Pods Frameworks";
			outputPaths = (
				"${TARGET_BUILD_DIR}/${FRAMEWORKS_FOLDER_PATH}/CZCMobileAdsSDK.framework",
			);
			runOnlyForDeploymentPostprocessing = 0;
			shellPath = /bin/sh;
			shellScript = "\"${SRCROOT}/Pods/Target Support Files/Pods-CZCMobileAdsSample/Pods-CZCMobileAdsSample-frameworks.sh\"\n";
			showEnvVarsInLog = 0;
		};
		D9E1FC962350BFB1842844CC /* [CP] Copy Pods Resources */ = {
			isa = PBXShellScriptBuildPhase;
			buildActionMask = 2147483647;
			files = (
			);
			inputPaths = (
				"${SRCROOT}/Pods/Target Support Files/Pods-CZCMobileAdsSample/Pods-CZCMobileAdsSample-resources.sh",
				"${PODS_ROOT}/CZCMobileAdsSDK/Resources/CZCMobileAdsSDK.bundle",
			);
			name = "[CP] Copy Pods Resources";
			outputPaths = (
				"${TARGET_BUILD_DIR}/${UNLOCALIZED_RESOURCES_FOLDER_PATH}",
			);
			runOnlyForDeploymentPostprocessing = 0;
			shellPath = /bin/sh;
			shellScript = "\"${SRCROOT}/Pods/Target Support Files/Pods-CZCMobileAdsSample/Pods-CZCMobileAdsSample-resources.sh\"\n";
			showEnvVarsInLog = 0;
		};
/* End PBXShellScriptBuildPhase section */

/* Begin PBXSourcesBuildPhase section */
		63CE97CE1F3AB55F00E5DDDE /* Sources */ = {
			isa = PBXSourcesBuildPhase;
			buildActionMask = 2147483647;
			files = (
				63C316371FA09C20001CAC3D /* CZCVideoViewController.m in Sources */,
				63CE97DA1F3AB55F00E5DDDE /* AppDelegate.m in Sources */,
				63C316331FA09C20001CAC3D /* CZCTableViewController.m in Sources */,
				63C316311FA09C20001CAC3D /* CZCInterstitialViewController.m in Sources */,
				63C3162F1FA09C20001CAC3D /* CZCBannerViewController.m in Sources */,
				63DBA1531FAC998E009F1C2C /* CZCAppIDAndSlotIDCache.m in Sources */,
				63CE97D71F3AB55F00E5DDDE /* main.m in Sources */,
			);
			runOnlyForDeploymentPostprocessing = 0;
		};
/* End PBXSourcesBuildPhase section */

/* Begin PBXVariantGroup section */
		63CE97DE1F3AB55F00E5DDDE /* Main.storyboard */ = {
			isa = PBXVariantGroup;
			children = (
				63CE97DF1F3AB55F00E5DDDE /* Base */,
			);
			name = Main.storyboard;
			sourceTree = "<group>";
		};
		63CE97E31F3AB55F00E5DDDE /* LaunchScreen.storyboard */ = {
			isa = PBXVariantGroup;
			children = (
				63CE97E41F3AB55F00E5DDDE /* Base */,
			);
			name = LaunchScreen.storyboard;
			sourceTree = "<group>";
		};
/* End PBXVariantGroup section */

/* Begin XCBuildConfiguration section */
		63CE97E71F3AB55F00E5DDDE /* Debug */ = {
			isa = XCBuildConfiguration;
			buildSettings = {
				ALWAYS_SEARCH_USER_PATHS = NO;
				CLANG_ANALYZER_NONNULL = YES;
				CLANG_ANALYZER_NUMBER_OBJECT_CONVERSION = YES_AGGRESSIVE;
				CLANG_CXX_LANGUAGE_STANDARD = "gnu++0x";
				CLANG_CXX_LIBRARY = "libc++";
				CLANG_ENABLE_MODULES = YES;
				CLANG_ENABLE_OBJC_ARC = YES;
				CLANG_WARN_BOOL_CONVERSION = YES;
				CLANG_WARN_CONSTANT_CONVERSION = YES;
				CLANG_WARN_DIRECT_OBJC_ISA_USAGE = YES_ERROR;
				CLANG_WARN_DOCUMENTATION_COMMENTS = YES;
				CLANG_WARN_EMPTY_BODY = YES;
				CLANG_WARN_ENUM_CONVERSION = YES;
				CLANG_WARN_INFINITE_RECURSION = YES;
				CLANG_WARN_INT_CONVERSION = YES;
				CLANG_WARN_OBJC_ROOT_CLASS = YES_ERROR;
				CLANG_WARN_SUSPICIOUS_MOVE = YES;
				CLANG_WARN_UNREACHABLE_CODE = YES;
				CLANG_WARN__DUPLICATE_METHOD_MATCH = YES;
				CODE_SIGN_IDENTITY = "iPhone Developer: wenbo zhang (8R67AB3888)";
				"CODE_SIGN_IDENTITY[sdk=iphoneos*]" = "iPhone Developer: wenbo zhang (8R67AB3888)";
				COPY_PHASE_STRIP = NO;
				DEBUG_INFORMATION_FORMAT = dwarf;
				DEVELOPMENT_TEAM = PSK76NZVZ4;
				ENABLE_STRICT_OBJC_MSGSEND = YES;
				ENABLE_TESTABILITY = YES;
				GCC_C_LANGUAGE_STANDARD = gnu99;
				GCC_DYNAMIC_NO_PIC = NO;
				GCC_NO_COMMON_BLOCKS = YES;
				GCC_OPTIMIZATION_LEVEL = 0;
				GCC_PREPROCESSOR_DEFINITIONS = (
					"DEBUG=1",
					"$(inherited)",
				);
				GCC_WARN_64_TO_32_BIT_CONVERSION = YES;
				GCC_WARN_ABOUT_RETURN_TYPE = YES_ERROR;
				GCC_WARN_UNDECLARED_SELECTOR = YES;
				GCC_WARN_UNINITIALIZED_AUTOS = YES_AGGRESSIVE;
				GCC_WARN_UNUSED_FUNCTION = YES;
				GCC_WARN_UNUSED_VARIABLE = YES;
				IPHONEOS_DEPLOYMENT_TARGET = 8.0;
				MTL_ENABLE_DEBUG_INFO = YES;
				ONLY_ACTIVE_ARCH = YES;
				PROVISIONING_PROFILE = "c9e345fe-bee0-4cf3-99b0-f618b8506124";
				SDKROOT = iphoneos;
				TARGETED_DEVICE_FAMILY = "1,2";
			};
			name = Debug;
		};
		63CE97E81F3AB55F00E5DDDE /* Release */ = {
			isa = XCBuildConfiguration;
			buildSettings = {
				ALWAYS_SEARCH_USER_PATHS = NO;
				CLANG_ANALYZER_NONNULL = YES;
				CLANG_ANALYZER_NUMBER_OBJECT_CONVERSION = YES_AGGRESSIVE;
				CLANG_CXX_LANGUAGE_STANDARD = "gnu++0x";
				CLANG_CXX_LIBRARY = "libc++";
				CLANG_ENABLE_MODULES = YES;
				CLANG_ENABLE_OBJC_ARC = YES;
				CLANG_WARN_BOOL_CONVERSION = YES;
				CLANG_WARN_CONSTANT_CONVERSION = YES;
				CLANG_WARN_DIRECT_OBJC_ISA_USAGE = YES_ERROR;
				CLANG_WARN_DOCUMENTATION_COMMENTS = YES;
				CLANG_WARN_EMPTY_BODY = YES;
				CLANG_WARN_ENUM_CONVERSION = YES;
				CLANG_WARN_INFINITE_RECURSION = YES;
				CLANG_WARN_INT_CONVERSION = YES;
				CLANG_WARN_OBJC_ROOT_CLASS = YES_ERROR;
				CLANG_WARN_SUSPICIOUS_MOVE = YES;
				CLANG_WARN_UNREACHABLE_CODE = YES;
				CLANG_WARN__DUPLICATE_METHOD_MATCH = YES;
				CODE_SIGN_IDENTITY = "iPhone Developer: wenbo zhang (8R67AB3888)";
				"CODE_SIGN_IDENTITY[sdk=iphoneos*]" = "iPhone Developer: wenbo zhang (8R67AB3888)";
				COPY_PHASE_STRIP = NO;
				DEBUG_INFORMATION_FORMAT = "dwarf-with-dsym";
				DEVELOPMENT_TEAM = PSK76NZVZ4;
				ENABLE_NS_ASSERTIONS = NO;
				ENABLE_STRICT_OBJC_MSGSEND = YES;
				GCC_C_LANGUAGE_STANDARD = gnu99;
				GCC_NO_COMMON_BLOCKS = YES;
				GCC_WARN_64_TO_32_BIT_CONVERSION = YES;
				GCC_WARN_ABOUT_RETURN_TYPE = YES_ERROR;
				GCC_WARN_UNDECLARED_SELECTOR = YES;
				GCC_WARN_UNINITIALIZED_AUTOS = YES_AGGRESSIVE;
				GCC_WARN_UNUSED_FUNCTION = YES;
				GCC_WARN_UNUSED_VARIABLE = YES;
				IPHONEOS_DEPLOYMENT_TARGET = 8.0;
				MTL_ENABLE_DEBUG_INFO = NO;
				PROVISIONING_PROFILE = "c9e345fe-bee0-4cf3-99b0-f618b8506124";
				SDKROOT = iphoneos;
				TARGETED_DEVICE_FAMILY = "1,2";
				VALIDATE_PRODUCT = YES;
			};
			name = Release;
		};
		63CE97EA1F3AB55F00E5DDDE /* Debug */ = {
			isa = XCBuildConfiguration;
			baseConfigurationReference = C425DD9C81FE8DDCB35647A4 /* Pods-CZCMobileAdsSample.debug.xcconfig */;
			buildSettings = {
				ASSETCATALOG_COMPILER_APPICON_NAME = AppIcon;
				CODE_SIGN_IDENTITY = "iPhone Developer: wenbo zhang (8R67AB3888)";
				"CODE_SIGN_IDENTITY[sdk=iphoneos*]" = "iPhone Developer: wenbo zhang (8R67AB3888)";
				CODE_SIGN_STYLE = Manual;
				DEVELOPMENT_TEAM = PSK76NZVZ4;
				INFOPLIST_FILE = CZCMobileAdsSample/Info.plist;
				IPHONEOS_DEPLOYMENT_TARGET = 8.0;
				LD_RUNPATH_SEARCH_PATHS = "$(inherited) @executable_path/Frameworks";
				PRODUCT_BUNDLE_IDENTIFIER = com.czc.test;
				PRODUCT_NAME = "$(TARGET_NAME)";
				PROVISIONING_PROFILE = "afd050e4-5403-4839-a481-4d31ad98d636";
				PROVISIONING_PROFILE_SPECIFIER = ChinaLifeTestDevelopment;
			};
			name = Debug;
		};
		63CE97EB1F3AB55F00E5DDDE /* Release */ = {
			isa = XCBuildConfiguration;
			baseConfigurationReference = 26BD117E7D9CDF638EACC2D5 /* Pods-CZCMobileAdsSample.release.xcconfig */;
			buildSettings = {
				ASSETCATALOG_COMPILER_APPICON_NAME = AppIcon;
				CODE_SIGN_IDENTITY = "iPhone Developer: wenbo zhang (8R67AB3888)";
				"CODE_SIGN_IDENTITY[sdk=iphoneos*]" = "iPhone Developer: wenbo zhang (8R67AB3888)";
				CODE_SIGN_STYLE = Manual;
				DEVELOPMENT_TEAM = PSK76NZVZ4;
				INFOPLIST_FILE = CZCMobileAdsSample/Info.plist;
				IPHONEOS_DEPLOYMENT_TARGET = 8.0;
				LD_RUNPATH_SEARCH_PATHS = "$(inherited) @executable_path/Frameworks";
				PRODUCT_BUNDLE_IDENTIFIER = com.czc.test;
				PRODUCT_NAME = "$(TARGET_NAME)";
				PROVISIONING_PROFILE = "c9e345fe-bee0-4cf3-99b0-f618b8506124";
				PROVISIONING_PROFILE_SPECIFIER = ChinaLifeTestDevelopment;
			};
			name = Release;
		};
/* End XCBuildConfiguration section */

/* Begin XCConfigurationList section */
		63CE97CD1F3AB55F00E5DDDE /* Build configuration list for PBXProject "CZCMobileAdsSample" */ = {
			isa = XCConfigurationList;
			buildConfigurations = (
				63CE97E71F3AB55F00E5DDDE /* Debug */,
				63CE97E81F3AB55F00E5DDDE /* Release */,
			);
			defaultConfigurationIsVisible = 0;
			defaultConfigurationName = Release;
		};
		63CE97E91F3AB55F00E5DDDE /* Build configuration list for PBXNativeTarget "CZCMobileAdsSample" */ = {
			isa = XCConfigurationList;
			buildConfigurations = (
				63CE97EA1F3AB55F00E5DDDE /* Debug */,
				63CE97EB1F3AB55F00E5DDDE /* Release */,
			);
			defaultConfigurationIsVisible = 0;
			defaultConfigurationName = Release;
		};
/* End XCConfigurationList section */
	};
	rootObject = 63CE97CA1F3AB55F00E5DDDE /* Project object */;
}
